// !$*UTF8*$!
{
	archiveVersion = 1;
	classes = {
	};
	objectVersion = 56;
	objects = {

/* Begin PBXBuildFile section */
		258D3E7D2B6C3C82007B3631 /* NoteView.swift in Sources */ = {isa = PBXBuildFile; fileRef = 258D3E7C2B6C3C82007B3631 /* NoteView.swift */; };
		25A3B4CF2B6B8EAF003D31C1 /* MyNotesApp.swift in Sources */ = {isa = PBXBuildFile; fileRef = 25A3B4CE2B6B8EAF003D31C1 /* MyNotesApp.swift */; };
		25A3B4D32B6B8EB1003D31C1 /* Assets.xcassets in Resources */ = {isa = PBXBuildFile; fileRef = 25A3B4D22B6B8EB1003D31C1 /* Assets.xcassets */; };
		25A3B4D62B6B8EB1003D31C1 /* Preview Assets.xcassets in Resources */ = {isa = PBXBuildFile; fileRef = 25A3B4D52B6B8EB1003D31C1 /* Preview Assets.xcassets */; };
		25A3B4E02B6B934E003D31C1 /* MainScreenView.swift in Sources */ = {isa = PBXBuildFile; fileRef = 25A3B4DF2B6B934E003D31C1 /* MainScreenView.swift */; };
		25A3B4E22B6B9372003D31C1 /* NoteRowView.swift in Sources */ = {isa = PBXBuildFile; fileRef = 25A3B4E12B6B9372003D31C1 /* NoteRowView.swift */; };
		25A3B4E52B6B93DC003D31C1 /* Realm in Frameworks */ = {isa = PBXBuildFile; productRef = 25A3B4E42B6B93DC003D31C1 /* Realm */; };
		25A3B4E72B6B93DC003D31C1 /* RealmSwift in Frameworks */ = {isa = PBXBuildFile; productRef = 25A3B4E62B6B93DC003D31C1 /* RealmSwift */; };
		25A3B4F92B6B9C04003D31C1 /* Roboto-Medium.ttf in Resources */ = {isa = PBXBuildFile; fileRef = 25A3B4EC2B6B9C04003D31C1 /* Roboto-Medium.ttf */; };
		25A3B4FA2B6B9C04003D31C1 /* Roboto-Light.ttf in Resources */ = {isa = PBXBuildFile; fileRef = 25A3B4ED2B6B9C04003D31C1 /* Roboto-Light.ttf */; };
		25A3B4FB2B6B9C04003D31C1 /* RobotoFontConstants.swift in Sources */ = {isa = PBXBuildFile; fileRef = 25A3B4EE2B6B9C04003D31C1 /* RobotoFontConstants.swift */; };
		25A3B4FC2B6B9C04003D31C1 /* Roboto-Regular.ttf in Resources */ = {isa = PBXBuildFile; fileRef = 25A3B4EF2B6B9C04003D31C1 /* Roboto-Regular.ttf */; };
		25A3B4FD2B6B9C04003D31C1 /* Roboto-MediumItalic.ttf in Resources */ = {isa = PBXBuildFile; fileRef = 25A3B4F02B6B9C04003D31C1 /* Roboto-MediumItalic.ttf */; };
		25A3B4FE2B6B9C04003D31C1 /* Roboto-ThinItalic.ttf in Resources */ = {isa = PBXBuildFile; fileRef = 25A3B4F12B6B9C04003D31C1 /* Roboto-ThinItalic.ttf */; };
		25A3B4FF2B6B9C04003D31C1 /* Roboto-BoldItalic.ttf in Resources */ = {isa = PBXBuildFile; fileRef = 25A3B4F22B6B9C04003D31C1 /* Roboto-BoldItalic.ttf */; };
		25A3B5002B6B9C04003D31C1 /* Roboto-LightItalic.ttf in Resources */ = {isa = PBXBuildFile; fileRef = 25A3B4F32B6B9C04003D31C1 /* Roboto-LightItalic.ttf */; };
		25A3B5012B6B9C04003D31C1 /* Roboto-Italic.ttf in Resources */ = {isa = PBXBuildFile; fileRef = 25A3B4F42B6B9C04003D31C1 /* Roboto-Italic.ttf */; };
		25A3B5022B6B9C04003D31C1 /* Roboto-BlackItalic.ttf in Resources */ = {isa = PBXBuildFile; fileRef = 25A3B4F52B6B9C04003D31C1 /* Roboto-BlackItalic.ttf */; };
		25A3B5032B6B9C04003D31C1 /* Roboto-Bold.ttf in Resources */ = {isa = PBXBuildFile; fileRef = 25A3B4F62B6B9C04003D31C1 /* Roboto-Bold.ttf */; };
		25A3B5042B6B9C04003D31C1 /* Roboto-Thin.ttf in Resources */ = {isa = PBXBuildFile; fileRef = 25A3B4F72B6B9C04003D31C1 /* Roboto-Thin.ttf */; };
		25A3B5052B6B9C04003D31C1 /* Roboto-Black.ttf in Resources */ = {isa = PBXBuildFile; fileRef = 25A3B4F82B6B9C04003D31C1 /* Roboto-Black.ttf */; };
		25A3B5082B6BA2B4003D31C1 /* MainScreenViewModel.swift in Sources */ = {isa = PBXBuildFile; fileRef = 25A3B5072B6BA2B4003D31C1 /* MainScreenViewModel.swift */; };
		25A3B50C2B6BAF2A003D31C1 /* NoteRowRealm.swift in Sources */ = {isa = PBXBuildFile; fileRef = 25A3B50B2B6BAF0F003D31C1 /* NoteRowRealm.swift */; };
		25A3B50D2B6BAF2C003D31C1 /* NotesRowsRealmGroup.swift in Sources */ = {isa = PBXBuildFile; fileRef = 25A3B50A2B6BAF0F003D31C1 /* NotesRowsRealmGroup.swift */; };
		25A3B5132B6BD24D003D31C1 /*  AlertWithTF.swift in Sources */ = {isa = PBXBuildFile; fileRef = 25A3B5122B6BD24D003D31C1 /*  AlertWithTF.swift */; };
/* End PBXBuildFile section */

/* Begin PBXFileReference section */
		258D3E7C2B6C3C82007B3631 /* NoteView.swift */ = {isa = PBXFileReference; lastKnownFileType = sourcecode.swift; path = NoteView.swift; sourceTree = "<group>"; };
		25A3B4CB2B6B8EAF003D31C1 /* MyNotes.app */ = {isa = PBXFileReference; explicitFileType = wrapper.application; includeInIndex = 0; path = MyNotes.app; sourceTree = BUILT_PRODUCTS_DIR; };
		25A3B4CE2B6B8EAF003D31C1 /* MyNotesApp.swift */ = {isa = PBXFileReference; lastKnownFileType = sourcecode.swift; path = MyNotesApp.swift; sourceTree = "<group>"; };
		25A3B4D22B6B8EB1003D31C1 /* Assets.xcassets */ = {isa = PBXFileReference; lastKnownFileType = folder.assetcatalog; path = Assets.xcassets; sourceTree = "<group>"; };
		25A3B4D52B6B8EB1003D31C1 /* Preview Assets.xcassets */ = {isa = PBXFileReference; lastKnownFileType = folder.assetcatalog; path = "Preview Assets.xcassets"; sourceTree = "<group>"; };
		25A3B4DF2B6B934E003D31C1 /* MainScreenView.swift */ = {isa = PBXFileReference; lastKnownFileType = sourcecode.swift; path = MainScreenView.swift; sourceTree = SOURCE_ROOT; };
		25A3B4E12B6B9372003D31C1 /* NoteRowView.swift */ = {isa = PBXFileReference; lastKnownFileType = sourcecode.swift; path = NoteRowView.swift; sourceTree = "<group>"; };
		25A3B4EC2B6B9C04003D31C1 /* Roboto-Medium.ttf */ = {isa = PBXFileReference; lastKnownFileType = file; path = "Roboto-Medium.ttf"; sourceTree = "<group>"; };
		25A3B4ED2B6B9C04003D31C1 /* Roboto-Light.ttf */ = {isa = PBXFileReference; lastKnownFileType = file; path = "Roboto-Light.ttf"; sourceTree = "<group>"; };
		25A3B4EE2B6B9C04003D31C1 /* RobotoFontConstants.swift */ = {isa = PBXFileReference; fileEncoding = 4; lastKnownFileType = sourcecode.swift; path = RobotoFontConstants.swift; sourceTree = "<group>"; };
		25A3B4EF2B6B9C04003D31C1 /* Roboto-Regular.ttf */ = {isa = PBXFileReference; lastKnownFileType = file; path = "Roboto-Regular.ttf"; sourceTree = "<group>"; };
		25A3B4F02B6B9C04003D31C1 /* Roboto-MediumItalic.ttf */ = {isa = PBXFileReference; lastKnownFileType = file; path = "Roboto-MediumItalic.ttf"; sourceTree = "<group>"; };
		25A3B4F12B6B9C04003D31C1 /* Roboto-ThinItalic.ttf */ = {isa = PBXFileReference; lastKnownFileType = file; path = "Roboto-ThinItalic.ttf"; sourceTree = "<group>"; };
		25A3B4F22B6B9C04003D31C1 /* Roboto-BoldItalic.ttf */ = {isa = PBXFileReference; lastKnownFileType = file; path = "Roboto-BoldItalic.ttf"; sourceTree = "<group>"; };
		25A3B4F32B6B9C04003D31C1 /* Roboto-LightItalic.ttf */ = {isa = PBXFileReference; lastKnownFileType = file; path = "Roboto-LightItalic.ttf"; sourceTree = "<group>"; };
		25A3B4F42B6B9C04003D31C1 /* Roboto-Italic.ttf */ = {isa = PBXFileReference; lastKnownFileType = file; path = "Roboto-Italic.ttf"; sourceTree = "<group>"; };
		25A3B4F52B6B9C04003D31C1 /* Roboto-BlackItalic.ttf */ = {isa = PBXFileReference; lastKnownFileType = file; path = "Roboto-BlackItalic.ttf"; sourceTree = "<group>"; };
		25A3B4F62B6B9C04003D31C1 /* Roboto-Bold.ttf */ = {isa = PBXFileReference; lastKnownFileType = file; path = "Roboto-Bold.ttf"; sourceTree = "<group>"; };
		25A3B4F72B6B9C04003D31C1 /* Roboto-Thin.ttf */ = {isa = PBXFileReference; lastKnownFileType = file; path = "Roboto-Thin.ttf"; sourceTree = "<group>"; };
		25A3B4F82B6B9C04003D31C1 /* Roboto-Black.ttf */ = {isa = PBXFileReference; lastKnownFileType = file; path = "Roboto-Black.ttf"; sourceTree = "<group>"; };
		25A3B5062B6B9D3C003D31C1 /* Info.plist */ = {isa = PBXFileReference; lastKnownFileType = text.plist; path = Info.plist; sourceTree = "<group>"; };
		25A3B5072B6BA2B4003D31C1 /* MainScreenViewModel.swift */ = {isa = PBXFileReference; lastKnownFileType = sourcecode.swift; path = MainScreenViewModel.swift; sourceTree = "<group>"; };
		25A3B50A2B6BAF0F003D31C1 /* NotesRowsRealmGroup.swift */ = {isa = PBXFileReference; lastKnownFileType = sourcecode.swift; path = NotesRowsRealmGroup.swift; sourceTree = "<group>"; };
		25A3B50B2B6BAF0F003D31C1 /* NoteRowRealm.swift */ = {isa = PBXFileReference; lastKnownFileType = sourcecode.swift; path = NoteRowRealm.swift; sourceTree = "<group>"; };
		25A3B5122B6BD24D003D31C1 /*  AlertWithTF.swift */ = {isa = PBXFileReference; lastKnownFileType = sourcecode.swift; path = " AlertWithTF.swift"; sourceTree = "<group>"; };
/* End PBXFileReference section */

/* Begin PBXFrameworksBuildPhase section */
		25A3B4C82B6B8EAF003D31C1 /* Frameworks */ = {
			isa = PBXFrameworksBuildPhase;
			buildActionMask = 2147483647;
			files = (
				25A3B4E72B6B93DC003D31C1 /* RealmSwift in Frameworks */,
				25A3B4E52B6B93DC003D31C1 /* Realm in Frameworks */,
			);
			runOnlyForDeploymentPostprocessing = 0;
		};
/* End PBXFrameworksBuildPhase section */

/* Begin PBXGroup section */
		25A3B4C22B6B8EAF003D31C1 = {
			isa = PBXGroup;
			children = (
				25A3B4CD2B6B8EAF003D31C1 /* MyNotes */,
				25A3B4CC2B6B8EAF003D31C1 /* Products */,
			);
			sourceTree = "<group>";
		};
		25A3B4CC2B6B8EAF003D31C1 /* Products */ = {
			isa = PBXGroup;
			children = (
				25A3B4CB2B6B8EAF003D31C1 /* MyNotes.app */,
			);
			name = Products;
			sourceTree = "<group>";
		};
		25A3B4CD2B6B8EAF003D31C1 /* MyNotes */ = {
			isa = PBXGroup;
			children = (
				25A3B50F2B6BD1E3003D31C1 /* ViewsUtilities */,
				25A3B5062B6B9D3C003D31C1 /* Info.plist */,
				25A3B4E82B6B9A8E003D31C1 /* Fonts */,
				25A3B4DE2B6B92F7003D31C1 /* ViewModels */,
				25A3B4DD2B6B92F1003D31C1 /* Views */,
				25A3B4DC2B6B92E9003D31C1 /* Models */,
				25A3B4CE2B6B8EAF003D31C1 /* MyNotesApp.swift */,
				25A3B4D22B6B8EB1003D31C1 /* Assets.xcassets */,
				25A3B4D42B6B8EB1003D31C1 /* Preview Content */,
			);
			path = MyNotes;
			sourceTree = "<group>";
		};
		25A3B4D42B6B8EB1003D31C1 /* Preview Content */ = {
			isa = PBXGroup;
			children = (
				25A3B4D52B6B8EB1003D31C1 /* Preview Assets.xcassets */,
			);
			path = "Preview Content";
			sourceTree = "<group>";
		};
		25A3B4DC2B6B92E9003D31C1 /* Models */ = {
			isa = PBXGroup;
			children = (
				25A3B5092B6BA2CE003D31C1 /* Realm */,
			);
			path = Models;
			sourceTree = "<group>";
		};
		25A3B4DD2B6B92F1003D31C1 /* Views */ = {
			isa = PBXGroup;
			children = (
				25A3B4DF2B6B934E003D31C1 /* MainScreenView.swift */,
				25A3B4E12B6B9372003D31C1 /* NoteRowView.swift */,
				258D3E7C2B6C3C82007B3631 /* NoteView.swift */,
			);
			path = Views;
			sourceTree = "<group>";
		};
		25A3B4DE2B6B92F7003D31C1 /* ViewModels */ = {
			isa = PBXGroup;
			children = (
				25A3B5072B6BA2B4003D31C1 /* MainScreenViewModel.swift */,
			);
			path = ViewModels;
			sourceTree = "<group>";
		};
		25A3B4E82B6B9A8E003D31C1 /* Fonts */ = {
			isa = PBXGroup;
			children = (
				25A3B4EB2B6B9C04003D31C1 /* Roboto */,
			);
			path = Fonts;
			sourceTree = "<group>";
		};
		25A3B4EB2B6B9C04003D31C1 /* Roboto */ = {
			isa = PBXGroup;
			children = (
				25A3B4EC2B6B9C04003D31C1 /* Roboto-Medium.ttf */,
				25A3B4ED2B6B9C04003D31C1 /* Roboto-Light.ttf */,
				25A3B4EE2B6B9C04003D31C1 /* RobotoFontConstants.swift */,
				25A3B4EF2B6B9C04003D31C1 /* Roboto-Regular.ttf */,
				25A3B4F02B6B9C04003D31C1 /* Roboto-MediumItalic.ttf */,
				25A3B4F12B6B9C04003D31C1 /* Roboto-ThinItalic.ttf */,
				25A3B4F22B6B9C04003D31C1 /* Roboto-BoldItalic.ttf */,
				25A3B4F32B6B9C04003D31C1 /* Roboto-LightItalic.ttf */,
				25A3B4F42B6B9C04003D31C1 /* Roboto-Italic.ttf */,
				25A3B4F52B6B9C04003D31C1 /* Roboto-BlackItalic.ttf */,
				25A3B4F62B6B9C04003D31C1 /* Roboto-Bold.ttf */,
				25A3B4F72B6B9C04003D31C1 /* Roboto-Thin.ttf */,
				25A3B4F82B6B9C04003D31C1 /* Roboto-Black.ttf */,
			);
			path = Roboto;
			sourceTree = "<group>";
		};
		25A3B5092B6BA2CE003D31C1 /* Realm */ = {
			isa = PBXGroup;
			children = (
				25A3B50B2B6BAF0F003D31C1 /* NoteRowRealm.swift */,
				25A3B50A2B6BAF0F003D31C1 /* NotesRowsRealmGroup.swift */,
			);
			path = Realm;
			sourceTree = "<group>";
		};
		25A3B50F2B6BD1E3003D31C1 /* ViewsUtilities */ = {
			isa = PBXGroup;
			children = (
				25A3B5122B6BD24D003D31C1 /*  AlertWithTF.swift */,
			);
			path = ViewsUtilities;
			sourceTree = "<group>";
		};
/* End PBXGroup section */

/* Begin PBXNativeTarget section */
		25A3B4CA2B6B8EAF003D31C1 /* MyNotes */ = {
			isa = PBXNativeTarget;
			buildConfigurationList = 25A3B4D92B6B8EB1003D31C1 /* Build configuration list for PBXNativeTarget "MyNotes" */;
			buildPhases = (
				25A3B4C72B6B8EAF003D31C1 /* Sources */,
				25A3B4C82B6B8EAF003D31C1 /* Frameworks */,
				25A3B4C92B6B8EAF003D31C1 /* Resources */,
			);
			buildRules = (
			);
			dependencies = (
			);
			name = MyNotes;
			packageProductDependencies = (
				25A3B4E42B6B93DC003D31C1 /* Realm */,
				25A3B4E62B6B93DC003D31C1 /* RealmSwift */,
			);
			productName = MyNotes;
			productReference = 25A3B4CB2B6B8EAF003D31C1 /* MyNotes.app */;
			productType = "com.apple.product-type.application";
		};
/* End PBXNativeTarget section */

/* Begin PBXProject section */
		25A3B4C32B6B8EAF003D31C1 /* Project object */ = {
			isa = PBXProject;
			attributes = {
				BuildIndependentTargetsInParallel = 1;
				LastSwiftUpdateCheck = 1510;
				LastUpgradeCheck = 1510;
				TargetAttributes = {
					25A3B4CA2B6B8EAF003D31C1 = {
						CreatedOnToolsVersion = 15.1;
					};
				};
			};
			buildConfigurationList = 25A3B4C62B6B8EAF003D31C1 /* Build configuration list for PBXProject "MyNotes" */;
			compatibilityVersion = "Xcode 14.0";
			developmentRegion = en;
			hasScannedForEncodings = 0;
			knownRegions = (
				en,
				Base,
			);
			mainGroup = 25A3B4C22B6B8EAF003D31C1;
			packageReferences = (
				25A3B4E32B6B93DC003D31C1 /* XCRemoteSwiftPackageReference "realm-swift" */,
			);
			productRefGroup = 25A3B4CC2B6B8EAF003D31C1 /* Products */;
			projectDirPath = "";
			projectRoot = "";
			targets = (
				25A3B4CA2B6B8EAF003D31C1 /* MyNotes */,
			);
		};
/* End PBXProject section */

/* Begin PBXResourcesBuildPhase section */
		25A3B4C92B6B8EAF003D31C1 /* Resources */ = {
			isa = PBXResourcesBuildPhase;
			buildActionMask = 2147483647;
			files = (
				25A3B4D62B6B8EB1003D31C1 /* Preview Assets.xcassets in Resources */,
				25A3B4D32B6B8EB1003D31C1 /* Assets.xcassets in Resources */,
				25A3B5032B6B9C04003D31C1 /* Roboto-Bold.ttf in Resources */,
				25A3B4FF2B6B9C04003D31C1 /* Roboto-BoldItalic.ttf in Resources */,
				25A3B4FC2B6B9C04003D31C1 /* Roboto-Regular.ttf in Resources */,
				25A3B4FE2B6B9C04003D31C1 /* Roboto-ThinItalic.ttf in Resources */,
				25A3B5002B6B9C04003D31C1 /* Roboto-LightItalic.ttf in Resources */,
				25A3B5022B6B9C04003D31C1 /* Roboto-BlackItalic.ttf in Resources */,
				25A3B4FA2B6B9C04003D31C1 /* Roboto-Light.ttf in Resources */,
				25A3B5012B6B9C04003D31C1 /* Roboto-Italic.ttf in Resources */,
				25A3B4FD2B6B9C04003D31C1 /* Roboto-MediumItalic.ttf in Resources */,
				25A3B5052B6B9C04003D31C1 /* Roboto-Black.ttf in Resources */,
				25A3B5042B6B9C04003D31C1 /* Roboto-Thin.ttf in Resources */,
				25A3B4F92B6B9C04003D31C1 /* Roboto-Medium.ttf in Resources */,
			);
			runOnlyForDeploymentPostprocessing = 0;
		};
/* End PBXResourcesBuildPhase section */

/* Begin PBXSourcesBuildPhase section */
		25A3B4C72B6B8EAF003D31C1 /* Sources */ = {
			isa = PBXSourcesBuildPhase;
			buildActionMask = 2147483647;
			files = (
				25A3B4FB2B6B9C04003D31C1 /* RobotoFontConstants.swift in Sources */,
				25A3B50C2B6BAF2A003D31C1 /* NoteRowRealm.swift in Sources */,
				25A3B50D2B6BAF2C003D31C1 /* NotesRowsRealmGroup.swift in Sources */,
				25A3B4E22B6B9372003D31C1 /* NoteRowView.swift in Sources */,
				25A3B4E02B6B934E003D31C1 /* MainScreenView.swift in Sources */,
				25A3B4CF2B6B8EAF003D31C1 /* MyNotesApp.swift in Sources */,
				25A3B5132B6BD24D003D31C1 /*  AlertWithTF.swift in Sources */,
				25A3B5082B6BA2B4003D31C1 /* MainScreenViewModel.swift in Sources */,
				258D3E7D2B6C3C82007B3631 /* NoteView.swift in Sources */,
			);
			runOnlyForDeploymentPostprocessing = 0;
		};
/* End PBXSourcesBuildPhase section */

/* Begin XCBuildConfiguration section */
		25A3B4D72B6B8EB1003D31C1 /* Debug */ = {
			isa = XCBuildConfiguration;
			buildSettings = {
				ALWAYS_SEARCH_USER_PATHS = NO;
				ASSETCATALOG_COMPILER_GENERATE_SWIFT_ASSET_SYMBOL_EXTENSIONS = YES;
				CLANG_ANALYZER_NONNULL = YES;
				CLANG_ANALYZER_NUMBER_OBJECT_CONVERSION = YES_AGGRESSIVE;
				CLANG_CXX_LANGUAGE_STANDARD = "gnu++20";
				CLANG_ENABLE_MODULES = YES;
				CLANG_ENABLE_OBJC_ARC = YES;
				CLANG_ENABLE_OBJC_WEAK = YES;
				CLANG_WARN_BLOCK_CAPTURE_AUTORELEASING = YES;
				CLANG_WARN_BOOL_CONVERSION = YES;
				CLANG_WARN_COMMA = YES;
				CLANG_WARN_CONSTANT_CONVERSION = YES;
				CLANG_WARN_DEPRECATED_OBJC_IMPLEMENTATIONS = YES;
				CLANG_WARN_DIRECT_OBJC_ISA_USAGE = YES_ERROR;
				CLANG_WARN_DOCUMENTATION_COMMENTS = YES;
				CLANG_WARN_EMPTY_BODY = YES;
				CLANG_WARN_ENUM_CONVERSION = YES;
				CLANG_WARN_INFINITE_RECURSION = YES;
				CLANG_WARN_INT_CONVERSION = YES;
				CLANG_WARN_NON_LITERAL_NULL_CONVERSION = YES;
				CLANG_WARN_OBJC_IMPLICIT_RETAIN_SELF = YES;
				CLANG_WARN_OBJC_LITERAL_CONVERSION = YES;
				CLANG_WARN_OBJC_ROOT_CLASS = YES_ERROR;
				CLANG_WARN_QUOTED_INCLUDE_IN_FRAMEWORK_HEADER = YES;
				CLANG_WARN_RANGE_LOOP_ANALYSIS = YES;
				CLANG_WARN_STRICT_PROTOTYPES = YES;
				CLANG_WARN_SUSPICIOUS_MOVE = YES;
				CLANG_WARN_UNGUARDED_AVAILABILITY = YES_AGGRESSIVE;
				CLANG_WARN_UNREACHABLE_CODE = YES;
				CLANG_WARN__DUPLICATE_METHOD_MATCH = YES;
				COPY_PHASE_STRIP = NO;
				DEBUG_INFORMATION_FORMAT = dwarf;
				ENABLE_STRICT_OBJC_MSGSEND = YES;
				ENABLE_TESTABILITY = YES;
				ENABLE_USER_SCRIPT_SANDBOXING = YES;
				GCC_C_LANGUAGE_STANDARD = gnu17;
				GCC_DYNAMIC_NO_PIC = NO;
				GCC_NO_COMMON_BLOCKS = YES;
				GCC_OPTIMIZATION_LEVEL = 0;
				GCC_PREPROCESSOR_DEFINITIONS = (
					"DEBUG=1",
					"$(inherited)",
				);
				GCC_WARN_64_TO_32_BIT_CONVERSION = YES;
				GCC_WARN_ABOUT_RETURN_TYPE = YES_ERROR;
				GCC_WARN_UNDECLARED_SELECTOR = YES;
				GCC_WARN_UNINITIALIZED_AUTOS = YES_AGGRESSIVE;
				GCC_WARN_UNUSED_FUNCTION = YES;
				GCC_WARN_UNUSED_VARIABLE = YES;
				IPHONEOS_DEPLOYMENT_TARGET = 15.0;
				LOCALIZATION_PREFERS_STRING_CATALOGS = YES;
				MTL_ENABLE_DEBUG_INFO = INCLUDE_SOURCE;
				MTL_FAST_MATH = YES;
				ONLY_ACTIVE_ARCH = YES;
				SDKROOT = iphoneos;
				SWIFT_ACTIVE_COMPILATION_CONDITIONS = "DEBUG $(inherited)";
				SWIFT_OPTIMIZATION_LEVEL = "-Onone";
			};
			name = Debug;
		};
		25A3B4D82B6B8EB1003D31C1 /* Release */ = {
			isa = XCBuildConfiguration;
			buildSettings = {
				ALWAYS_SEARCH_USER_PATHS = NO;
				ASSETCATALOG_COMPILER_GENERATE_SWIFT_ASSET_SYMBOL_EXTENSIONS = YES;
				CLANG_ANALYZER_NONNULL = YES;
				CLANG_ANALYZER_NUMBER_OBJECT_CONVERSION = YES_AGGRESSIVE;
				CLANG_CXX_LANGUAGE_STANDARD = "gnu++20";
				CLANG_ENABLE_MODULES = YES;
				CLANG_ENABLE_OBJC_ARC = YES;
				CLANG_ENABLE_OBJC_WEAK = YES;
				CLANG_WARN_BLOCK_CAPTURE_AUTORELEASING = YES;
				CLANG_WARN_BOOL_CONVERSION = YES;
				CLANG_WARN_COMMA = YES;
				CLANG_WARN_CONSTANT_CONVERSION = YES;
				CLANG_WARN_DEPRECATED_OBJC_IMPLEMENTATIONS = YES;
				CLANG_WARN_DIRECT_OBJC_ISA_USAGE = YES_ERROR;
				CLANG_WARN_DOCUMENTATION_COMMENTS = YES;
				CLANG_WARN_EMPTY_BODY = YES;
				CLANG_WARN_ENUM_CONVERSION = YES;
				CLANG_WARN_INFINITE_RECURSION = YES;
				CLANG_WARN_INT_CONVERSION = YES;
				CLANG_WARN_NON_LITERAL_NULL_CONVERSION = YES;
				CLANG_WARN_OBJC_IMPLICIT_RETAIN_SELF = YES;
				CLANG_WARN_OBJC_LITERAL_CONVERSION = YES;
				CLANG_WARN_OBJC_ROOT_CLASS = YES_ERROR;
				CLANG_WARN_QUOTED_INCLUDE_IN_FRAMEWORK_HEADER = YES;
				CLANG_WARN_RANGE_LOOP_ANALYSIS = YES;
				CLANG_WARN_STRICT_PROTOTYPES = YES;
				CLANG_WARN_SUSPICIOUS_MOVE = YES;
				CLANG_WARN_UNGUARDED_AVAILABILITY = YES_AGGRESSIVE;
				CLANG_WARN_UNREACHABLE_CODE = YES;
				CLANG_WARN__DUPLICATE_METHOD_MATCH = YES;
				COPY_PHASE_STRIP = NO;
				DEBUG_INFORMATION_FORMAT = "dwarf-with-dsym";
				ENABLE_NS_ASSERTIONS = NO;
				ENABLE_STRICT_OBJC_MSGSEND = YES;
				ENABLE_USER_SCRIPT_SANDBOXING = YES;
				GCC_C_LANGUAGE_STANDARD = gnu17;
				GCC_NO_COMMON_BLOCKS = YES;
				GCC_WARN_64_TO_32_BIT_CONVERSION = YES;
				GCC_WARN_ABOUT_RETURN_TYPE = YES_ERROR;
				GCC_WARN_UNDECLARED_SELECTOR = YES;
				GCC_WARN_UNINITIALIZED_AUTOS = YES_AGGRESSIVE;
				GCC_WARN_UNUSED_FUNCTION = YES;
				GCC_WARN_UNUSED_VARIABLE = YES;
				IPHONEOS_DEPLOYMENT_TARGET = 15.0;
				LOCALIZATION_PREFERS_STRING_CATALOGS = YES;
				MTL_ENABLE_DEBUG_INFO = NO;
				MTL_FAST_MATH = YES;
				SDKROOT = iphoneos;
				SWIFT_COMPILATION_MODE = wholemodule;
				VALIDATE_PRODUCT = YES;
			};
			name = Release;
		};
		25A3B4DA2B6B8EB1003D31C1 /* Debug */ = {
			isa = XCBuildConfiguration;
			buildSettings = {
				ASSETCATALOG_COMPILER_APPICON_NAME = AppIcon;
				ASSETCATALOG_COMPILER_GLOBAL_ACCENT_COLOR_NAME = AccentColor;
				CODE_SIGN_STYLE = Automatic;
				CURRENT_PROJECT_VERSION = 1;
				DEVELOPMENT_ASSET_PATHS = "\"MyNotes/Preview Content\"";
				DEVELOPMENT_TEAM = G4TX2LAQ95;
				ENABLE_PREVIEWS = YES;
				GENERATE_INFOPLIST_FILE = YES;
				INFOPLIST_FILE = MyNotes/Info.plist;
				INFOPLIST_KEY_UIApplicationSceneManifest_Generation = YES;
				INFOPLIST_KEY_UIApplicationSupportsIndirectInputEvents = YES;
				INFOPLIST_KEY_UILaunchScreen_Generation = YES;
				INFOPLIST_KEY_UISupportedInterfaceOrientations = UIInterfaceOrientationPortrait;
				INFOPLIST_KEY_UISupportedInterfaceOrientations_iPad = "UIInterfaceOrientationLandscapeLeft UIInterfaceOrientationLandscapeRight UIInterfaceOrientationPortrait UIInterfaceOrientationPortraitUpsideDown";
				LD_RUNPATH_SEARCH_PATHS = (
					"$(inherited)",
					"@executable_path/Frameworks",
				);
				MARKETING_VERSION = 1.0;
				PRODUCT_BUNDLE_IDENTIFIER = com.TkGroup.MyNotes;
				PRODUCT_NAME = "$(TARGET_NAME)";
				SWIFT_EMIT_LOC_STRINGS = YES;
				SWIFT_VERSION = 5.0;
				TARGETED_DEVICE_FAMILY = "1,2";
			};
			name = Debug;
		};
		25A3B4DB2B6B8EB1003D31C1 /* Release */ = {
			isa = XCBuildConfiguration;
			buildSettings = {
				ASSETCATALOG_COMPILER_APPICON_NAME = AppIcon;
				ASSETCATALOG_COMPILER_GLOBAL_ACCENT_COLOR_NAME = AccentColor;
				CODE_SIGN_STYLE = Automatic;
				CURRENT_PROJECT_VERSION = 1;
				DEVELOPMENT_ASSET_PATHS = "\"MyNotes/Preview Content\"";
				DEVELOPMENT_TEAM = G4TX2LAQ95;
				ENABLE_PREVIEWS = YES;
				GENERATE_INFOPLIST_FILE = YES;
				INFOPLIST_FILE = MyNotes/Info.plist;
				INFOPLIST_KEY_UIApplicationSceneManifest_Generation = YES;
				INFOPLIST_KEY_UIApplicationSupportsIndirectInputEvents = YES;
				INFOPLIST_KEY_UILaunchScreen_Generation = YES;
				INFOPLIST_KEY_UISupportedInterfaceOrientations = UIInterfaceOrientationPortrait;
				INFOPLIST_KEY_UISupportedInterfaceOrientations_iPad = "UIInterfaceOrientationLandscapeLeft UIInterfaceOrientationLandscapeRight UIInterfaceOrientationPortrait UIInterfaceOrientationPortraitUpsideDown";
				LD_RUNPATH_SEARCH_PATHS = (
					"$(inherited)",
					"@executable_path/Frameworks",
				);
				MARKETING_VERSION = 1.0;
				PRODUCT_BUNDLE_IDENTIFIER = com.TkGroup.MyNotes;
				PRODUCT_NAME = "$(TARGET_NAME)";
				SWIFT_EMIT_LOC_STRINGS = YES;
				SWIFT_VERSION = 5.0;
				TARGETED_DEVICE_FAMILY = "1,2";
			};
			name = Release;
		};
/* End XCBuildConfiguration section */

/* Begin XCConfigurationList section */
		25A3B4C62B6B8EAF003D31C1 /* Build configuration list for PBXProject "MyNotes" */ = {
			isa = XCConfigurationList;
			buildConfigurations = (
				25A3B4D72B6B8EB1003D31C1 /* Debug */,
				25A3B4D82B6B8EB1003D31C1 /* Release */,
			);
			defaultConfigurationIsVisible = 0;
			defaultConfigurationName = Release;
		};
		25A3B4D92B6B8EB1003D31C1 /* Build configuration list for PBXNativeTarget "MyNotes" */ = {
			isa = XCConfigurationList;
			buildConfigurations = (
				25A3B4DA2B6B8EB1003D31C1 /* Debug */,
				25A3B4DB2B6B8EB1003D31C1 /* Release */,
			);
			defaultConfigurationIsVisible = 0;
			defaultConfigurationName = Release;
		};
/* End XCConfigurationList section */

/* Begin XCRemoteSwiftPackageReference section */
		25A3B4E32B6B93DC003D31C1 /* XCRemoteSwiftPackageReference "realm-swift" */ = {
			isa = XCRemoteSwiftPackageReference;
			repositoryURL = "https://github.com/realm/realm-swift.git";
			requirement = {
				kind = upToNextMajorVersion;
				minimumVersion = 10.46.0;
			};
		};
/* End XCRemoteSwiftPackageReference section */

/* Begin XCSwiftPackageProductDependency section */
		25A3B4E42B6B93DC003D31C1 /* Realm */ = {
			isa = XCSwiftPackageProductDependency;
			package = 25A3B4E32B6B93DC003D31C1 /* XCRemoteSwiftPackageReference "realm-swift" */;
			productName = Realm;
		};
		25A3B4E62B6B93DC003D31C1 /* RealmSwift */ = {
			isa = XCSwiftPackageProductDependency;
			package = 25A3B4E32B6B93DC003D31C1 /* XCRemoteSwiftPackageReference "realm-swift" */;
			productName = RealmSwift;
		};
/* End XCSwiftPackageProductDependency section */
	};
	rootObject = 25A3B4C32B6B8EAF003D31C1 /* Project object */;
}
